// !$*UTF8*$!
{
	archiveVersion = 1;
	classes = {
	};
	objectVersion = 55;
	objects = {

/* Begin PBXBuildFile section */
		8136A586284EDA2D00DCE191 /* MoviesConfigurator.swift in Sources */ = {isa = PBXBuildFile; fileRef = 8136A585284EDA2D00DCE191 /* MoviesConfigurator.swift */; };
		8136A588284EDA4E00DCE191 /* MoviesProtocol.swift in Sources */ = {isa = PBXBuildFile; fileRef = 8136A587284EDA4E00DCE191 /* MoviesProtocol.swift */; };
		8136A58A284EDAE200DCE191 /* MoviesPresenter.swift in Sources */ = {isa = PBXBuildFile; fileRef = 8136A589284EDAE200DCE191 /* MoviesPresenter.swift */; };
		8136A58C284EF61F00DCE191 /* MoviesRouter.swift in Sources */ = {isa = PBXBuildFile; fileRef = 8136A58B284EF61F00DCE191 /* MoviesRouter.swift */; };
		8136A58E284EF7E200DCE191 /* MoviesInteractor.swift in Sources */ = {isa = PBXBuildFile; fileRef = 8136A58D284EF7E200DCE191 /* MoviesInteractor.swift */; };
		8136A590284EFA2400DCE191 /* MovieModel.swift in Sources */ = {isa = PBXBuildFile; fileRef = 8136A58F284EFA2400DCE191 /* MovieModel.swift */; };
		8136A593284EFD1200DCE191 /* MoviesResponse.swift in Sources */ = {isa = PBXBuildFile; fileRef = 8136A592284EFD1200DCE191 /* MoviesResponse.swift */; };
		8136A595284EFDEE00DCE191 /* ConnectionManager.swift in Sources */ = {isa = PBXBuildFile; fileRef = 8136A594284EFDEE00DCE191 /* ConnectionManager.swift */; };
		8136A598284F0D0F00DCE191 /* MoviesTableViewCell.swift in Sources */ = {isa = PBXBuildFile; fileRef = 8136A597284F0D0F00DCE191 /* MoviesTableViewCell.swift */; };
		8136A59B284F257700DCE191 /* MovieViewModel.swift in Sources */ = {isa = PBXBuildFile; fileRef = 8136A59A284F257700DCE191 /* MovieViewModel.swift */; };
		813883A02852BE1C00DFB762 /* DataManager.swift in Sources */ = {isa = PBXBuildFile; fileRef = 8138839F2852BE1C00DFB762 /* DataManager.swift */; };
		81646A38284D65CD00177E84 /* Constants.swift in Sources */ = {isa = PBXBuildFile; fileRef = 81646A37284D65CD00177E84 /* Constants.swift */; };
		81646A3A284D686A00177E84 /* UserData.swift in Sources */ = {isa = PBXBuildFile; fileRef = 81646A39284D686A00177E84 /* UserData.swift */; };
		81646A3D284D6BCF00177E84 /* UserRequest.swift in Sources */ = {isa = PBXBuildFile; fileRef = 81646A3C284D6BCF00177E84 /* UserRequest.swift */; };
		81646A40284D80CE00177E84 /* LoginConfigurator.swift in Sources */ = {isa = PBXBuildFile; fileRef = 81646A3F284D80CE00177E84 /* LoginConfigurator.swift */; };
		81646A42284D87E400177E84 /* MoviesViewController.swift in Sources */ = {isa = PBXBuildFile; fileRef = 81646A41284D87E400177E84 /* MoviesViewController.swift */; };
		81646A44284D882000177E84 /* Movies.storyboard in Resources */ = {isa = PBXBuildFile; fileRef = 81646A43284D882000177E84 /* Movies.storyboard */; };
		81646A46284DC48500177E84 /* DetailMovieViewController.swift in Sources */ = {isa = PBXBuildFile; fileRef = 81646A45284DC48500177E84 /* DetailMovieViewController.swift */; };
		81EB4993284C141F0055DC0A /* ConnectionManagerProtocol.swift in Sources */ = {isa = PBXBuildFile; fileRef = 81EB4992284C141F0055DC0A /* ConnectionManagerProtocol.swift */; };
		81F8D2F62846FCBD00420F22 /* AppDelegate.swift in Sources */ = {isa = PBXBuildFile; fileRef = 81F8D2F52846FCBD00420F22 /* AppDelegate.swift */; };
		81F8D2F82846FCBD00420F22 /* SceneDelegate.swift in Sources */ = {isa = PBXBuildFile; fileRef = 81F8D2F72846FCBD00420F22 /* SceneDelegate.swift */; };
		81F8D2FA2846FCBD00420F22 /* ViewController.swift in Sources */ = {isa = PBXBuildFile; fileRef = 81F8D2F92846FCBD00420F22 /* ViewController.swift */; };
		81F8D2FD2846FCBD00420F22 /* Login.storyboard in Resources */ = {isa = PBXBuildFile; fileRef = 81F8D2FB2846FCBD00420F22 /* Login.storyboard */; };
		81F8D3002846FCBD00420F22 /* PruebaCine.xcdatamodeld in Sources */ = {isa = PBXBuildFile; fileRef = 81F8D2FE2846FCBD00420F22 /* PruebaCine.xcdatamodeld */; };
		81F8D3022846FCC000420F22 /* Assets.xcassets in Resources */ = {isa = PBXBuildFile; fileRef = 81F8D3012846FCC000420F22 /* Assets.xcassets */; };
		81F8D3052846FCC000420F22 /* LaunchScreen.storyboard in Resources */ = {isa = PBXBuildFile; fileRef = 81F8D3032846FCC000420F22 /* LaunchScreen.storyboard */; };
		81F8D3102846FCC100420F22 /* PruebaCineTests.swift in Sources */ = {isa = PBXBuildFile; fileRef = 81F8D30F2846FCC100420F22 /* PruebaCineTests.swift */; };
		81F8D31A2846FCC100420F22 /* PruebaCineUITests.swift in Sources */ = {isa = PBXBuildFile; fileRef = 81F8D3192846FCC100420F22 /* PruebaCineUITests.swift */; };
		81F8D31C2846FCC100420F22 /* PruebaCineUITestsLaunchTests.swift in Sources */ = {isa = PBXBuildFile; fileRef = 81F8D31B2846FCC100420F22 /* PruebaCineUITestsLaunchTests.swift */; };
		81F8D33A28470FB900420F22 /* LoginViewController.swift in Sources */ = {isa = PBXBuildFile; fileRef = 81F8D33928470FB900420F22 /* LoginViewController.swift */; };
		81F8D33C28470FD400420F22 /* LoginPresenter.swift in Sources */ = {isa = PBXBuildFile; fileRef = 81F8D33B28470FD400420F22 /* LoginPresenter.swift */; };
		81F8D33E28470FE300420F22 /* LoginProtocol.swift in Sources */ = {isa = PBXBuildFile; fileRef = 81F8D33D28470FE300420F22 /* LoginProtocol.swift */; };
		81F8D34028470FF200420F22 /* LoginRouter.swift in Sources */ = {isa = PBXBuildFile; fileRef = 81F8D33F28470FF200420F22 /* LoginRouter.swift */; };
		81F8D34228470FFF00420F22 /* LoginInteractor.swift in Sources */ = {isa = PBXBuildFile; fileRef = 81F8D34128470FFF00420F22 /* LoginInteractor.swift */; };
		9C2AE9D8D582FE16253488C2 /* Pods_PruebaCine.framework in Frameworks */ = {isa = PBXBuildFile; fileRef = 3D30C9B06B3CE88F959E6D1E /* Pods_PruebaCine.framework */; };
/* End PBXBuildFile section */

/* Begin PBXContainerItemProxy section */
		81F8D30C2846FCC100420F22 /* PBXContainerItemProxy */ = {
			isa = PBXContainerItemProxy;
			containerPortal = 81F8D2EA2846FCBD00420F22 /* Project object */;
			proxyType = 1;
			remoteGlobalIDString = 81F8D2F12846FCBD00420F22;
			remoteInfo = PruebaCine;
		};
		81F8D3162846FCC100420F22 /* PBXContainerItemProxy */ = {
			isa = PBXContainerItemProxy;
			containerPortal = 81F8D2EA2846FCBD00420F22 /* Project object */;
			proxyType = 1;
			remoteGlobalIDString = 81F8D2F12846FCBD00420F22;
			remoteInfo = PruebaCine;
		};
/* End PBXContainerItemProxy section */

/* Begin PBXFileReference section */
		3D30C9B06B3CE88F959E6D1E /* Pods_PruebaCine.framework */ = {isa = PBXFileReference; explicitFileType = wrapper.framework; includeInIndex = 0; path = Pods_PruebaCine.framework; sourceTree = BUILT_PRODUCTS_DIR; };
		616B87112853B3E7270FA03A /* Pods-PruebaCine.debug.xcconfig */ = {isa = PBXFileReference; includeInIndex = 1; lastKnownFileType = text.xcconfig; name = "Pods-PruebaCine.debug.xcconfig"; path = "Target Support Files/Pods-PruebaCine/Pods-PruebaCine.debug.xcconfig"; sourceTree = "<group>"; };
		8136A585284EDA2D00DCE191 /* MoviesConfigurator.swift */ = {isa = PBXFileReference; lastKnownFileType = sourcecode.swift; path = MoviesConfigurator.swift; sourceTree = "<group>"; };
		8136A587284EDA4E00DCE191 /* MoviesProtocol.swift */ = {isa = PBXFileReference; lastKnownFileType = sourcecode.swift; path = MoviesProtocol.swift; sourceTree = "<group>"; };
		8136A589284EDAE200DCE191 /* MoviesPresenter.swift */ = {isa = PBXFileReference; lastKnownFileType = sourcecode.swift; path = MoviesPresenter.swift; sourceTree = "<group>"; };
		8136A58B284EF61F00DCE191 /* MoviesRouter.swift */ = {isa = PBXFileReference; lastKnownFileType = sourcecode.swift; path = MoviesRouter.swift; sourceTree = "<group>"; };
		8136A58D284EF7E200DCE191 /* MoviesInteractor.swift */ = {isa = PBXFileReference; lastKnownFileType = sourcecode.swift; path = MoviesInteractor.swift; sourceTree = "<group>"; };
		8136A58F284EFA2400DCE191 /* MovieModel.swift */ = {isa = PBXFileReference; lastKnownFileType = sourcecode.swift; path = MovieModel.swift; sourceTree = "<group>"; };
		8136A592284EFD1200DCE191 /* MoviesResponse.swift */ = {isa = PBXFileReference; lastKnownFileType = sourcecode.swift; path = MoviesResponse.swift; sourceTree = "<group>"; };
		8136A594284EFDEE00DCE191 /* ConnectionManager.swift */ = {isa = PBXFileReference; lastKnownFileType = sourcecode.swift; path = ConnectionManager.swift; sourceTree = "<group>"; };
		8136A597284F0D0F00DCE191 /* MoviesTableViewCell.swift */ = {isa = PBXFileReference; lastKnownFileType = sourcecode.swift; path = MoviesTableViewCell.swift; sourceTree = "<group>"; };
		8136A59A284F257700DCE191 /* MovieViewModel.swift */ = {isa = PBXFileReference; lastKnownFileType = sourcecode.swift; path = MovieViewModel.swift; sourceTree = "<group>"; };
		8138839F2852BE1C00DFB762 /* DataManager.swift */ = {isa = PBXFileReference; lastKnownFileType = sourcecode.swift; path = DataManager.swift; sourceTree = "<group>"; };
		81646A37284D65CD00177E84 /* Constants.swift */ = {isa = PBXFileReference; lastKnownFileType = sourcecode.swift; path = Constants.swift; sourceTree = "<group>"; };
		81646A39284D686A00177E84 /* UserData.swift */ = {isa = PBXFileReference; lastKnownFileType = sourcecode.swift; path = UserData.swift; sourceTree = "<group>"; };
		81646A3C284D6BCF00177E84 /* UserRequest.swift */ = {isa = PBXFileReference; lastKnownFileType = sourcecode.swift; path = UserRequest.swift; sourceTree = "<group>"; };
		81646A3F284D80CE00177E84 /* LoginConfigurator.swift */ = {isa = PBXFileReference; lastKnownFileType = sourcecode.swift; path = LoginConfigurator.swift; sourceTree = "<group>"; };
		81646A41284D87E400177E84 /* MoviesViewController.swift */ = {isa = PBXFileReference; lastKnownFileType = sourcecode.swift; path = MoviesViewController.swift; sourceTree = "<group>"; };
		81646A43284D882000177E84 /* Movies.storyboard */ = {isa = PBXFileReference; lastKnownFileType = file.storyboard; path = Movies.storyboard; sourceTree = "<group>"; };
		81646A45284DC48500177E84 /* DetailMovieViewController.swift */ = {isa = PBXFileReference; lastKnownFileType = sourcecode.swift; path = DetailMovieViewController.swift; sourceTree = "<group>"; };
		81EB4992284C141F0055DC0A /* ConnectionManagerProtocol.swift */ = {isa = PBXFileReference; lastKnownFileType = sourcecode.swift; path = ConnectionManagerProtocol.swift; sourceTree = "<group>"; };
		81F8D2F22846FCBD00420F22 /* PruebaCine.app */ = {isa = PBXFileReference; explicitFileType = wrapper.application; includeInIndex = 0; path = PruebaCine.app; sourceTree = BUILT_PRODUCTS_DIR; };
		81F8D2F52846FCBD00420F22 /* AppDelegate.swift */ = {isa = PBXFileReference; lastKnownFileType = sourcecode.swift; path = AppDelegate.swift; sourceTree = "<group>"; };
		81F8D2F72846FCBD00420F22 /* SceneDelegate.swift */ = {isa = PBXFileReference; lastKnownFileType = sourcecode.swift; path = SceneDelegate.swift; sourceTree = "<group>"; };
		81F8D2F92846FCBD00420F22 /* ViewController.swift */ = {isa = PBXFileReference; lastKnownFileType = sourcecode.swift; path = ViewController.swift; sourceTree = "<group>"; };
		81F8D2FC2846FCBD00420F22 /* Base */ = {isa = PBXFileReference; lastKnownFileType = file.storyboard; name = Base; path = Base.lproj/Login.storyboard; sourceTree = "<group>"; };
		81F8D2FF2846FCBD00420F22 /* PruebaCine.xcdatamodel */ = {isa = PBXFileReference; lastKnownFileType = wrapper.xcdatamodel; path = PruebaCine.xcdatamodel; sourceTree = "<group>"; };
		81F8D3012846FCC000420F22 /* Assets.xcassets */ = {isa = PBXFileReference; lastKnownFileType = folder.assetcatalog; path = Assets.xcassets; sourceTree = "<group>"; };
		81F8D3042846FCC000420F22 /* Base */ = {isa = PBXFileReference; lastKnownFileType = file.storyboard; name = Base; path = Base.lproj/LaunchScreen.storyboard; sourceTree = "<group>"; };
		81F8D3062846FCC000420F22 /* Info.plist */ = {isa = PBXFileReference; lastKnownFileType = text.plist.xml; path = Info.plist; sourceTree = "<group>"; };
		81F8D30B2846FCC100420F22 /* PruebaCineTests.xctest */ = {isa = PBXFileReference; explicitFileType = wrapper.cfbundle; includeInIndex = 0; path = PruebaCineTests.xctest; sourceTree = BUILT_PRODUCTS_DIR; };
		81F8D30F2846FCC100420F22 /* PruebaCineTests.swift */ = {isa = PBXFileReference; lastKnownFileType = sourcecode.swift; path = PruebaCineTests.swift; sourceTree = "<group>"; };
		81F8D3152846FCC100420F22 /* PruebaCineUITests.xctest */ = {isa = PBXFileReference; explicitFileType = wrapper.cfbundle; includeInIndex = 0; path = PruebaCineUITests.xctest; sourceTree = BUILT_PRODUCTS_DIR; };
		81F8D3192846FCC100420F22 /* PruebaCineUITests.swift */ = {isa = PBXFileReference; lastKnownFileType = sourcecode.swift; path = PruebaCineUITests.swift; sourceTree = "<group>"; };
		81F8D31B2846FCC100420F22 /* PruebaCineUITestsLaunchTests.swift */ = {isa = PBXFileReference; lastKnownFileType = sourcecode.swift; path = PruebaCineUITestsLaunchTests.swift; sourceTree = "<group>"; };
		81F8D33928470FB900420F22 /* LoginViewController.swift */ = {isa = PBXFileReference; lastKnownFileType = sourcecode.swift; path = LoginViewController.swift; sourceTree = "<group>"; };
		81F8D33B28470FD400420F22 /* LoginPresenter.swift */ = {isa = PBXFileReference; lastKnownFileType = sourcecode.swift; path = LoginPresenter.swift; sourceTree = "<group>"; };
		81F8D33D28470FE300420F22 /* LoginProtocol.swift */ = {isa = PBXFileReference; lastKnownFileType = sourcecode.swift; path = LoginProtocol.swift; sourceTree = "<group>"; };
		81F8D33F28470FF200420F22 /* LoginRouter.swift */ = {isa = PBXFileReference; lastKnownFileType = sourcecode.swift; path = LoginRouter.swift; sourceTree = "<group>"; };
		81F8D34128470FFF00420F22 /* LoginInteractor.swift */ = {isa = PBXFileReference; lastKnownFileType = sourcecode.swift; path = LoginInteractor.swift; sourceTree = "<group>"; };
		F44340C20B7C48EE28ACF20B /* Pods-PruebaCine.release.xcconfig */ = {isa = PBXFileReference; includeInIndex = 1; lastKnownFileType = text.xcconfig; name = "Pods-PruebaCine.release.xcconfig"; path = "Target Support Files/Pods-PruebaCine/Pods-PruebaCine.release.xcconfig"; sourceTree = "<group>"; };
/* End PBXFileReference section */

/* Begin PBXFrameworksBuildPhase section */
		81F8D2EF2846FCBD00420F22 /* Frameworks */ = {
			isa = PBXFrameworksBuildPhase;
			buildActionMask = 2147483647;
			files = (
				9C2AE9D8D582FE16253488C2 /* Pods_PruebaCine.framework in Frameworks */,
			);
			runOnlyForDeploymentPostprocessing = 0;
		};
		81F8D3082846FCC100420F22 /* Frameworks */ = {
			isa = PBXFrameworksBuildPhase;
			buildActionMask = 2147483647;
			files = (
			);
			runOnlyForDeploymentPostprocessing = 0;
		};
		81F8D3122846FCC100420F22 /* Frameworks */ = {
			isa = PBXFrameworksBuildPhase;
			buildActionMask = 2147483647;
			files = (
			);
			runOnlyForDeploymentPostprocessing = 0;
		};
/* End PBXFrameworksBuildPhase section */

/* Begin PBXGroup section */
		62BD114602C305BC2D6A5348 /* Frameworks */ = {
			isa = PBXGroup;
			children = (
				3D30C9B06B3CE88F959E6D1E /* Pods_PruebaCine.framework */,
			);
			name = Frameworks;
			sourceTree = "<group>";
		};
		8136A584284ED9F500DCE191 /* Configurator */ = {
			isa = PBXGroup;
			children = (
				8136A585284EDA2D00DCE191 /* MoviesConfigurator.swift */,
			);
			path = Configurator;
			sourceTree = "<group>";
		};
		8136A591284EFCFB00DCE191 /* Response */ = {
			isa = PBXGroup;
			children = (
				8136A592284EFD1200DCE191 /* MoviesResponse.swift */,
			);
			path = Response;
			sourceTree = "<group>";
		};
		8136A596284F0CFA00DCE191 /* Cell */ = {
			isa = PBXGroup;
			children = (
				8136A597284F0D0F00DCE191 /* MoviesTableViewCell.swift */,
			);
			path = Cell;
			sourceTree = "<group>";
		};
		8136A599284F253E00DCE191 /* ViewModel */ = {
			isa = PBXGroup;
			children = (
				8136A59A284F257700DCE191 /* MovieViewModel.swift */,
			);
			path = ViewModel;
			sourceTree = "<group>";
		};
		81646A3B284D6B9F00177E84 /* Request */ = {
			isa = PBXGroup;
			children = (
				81646A3C284D6BCF00177E84 /* UserRequest.swift */,
			);
			path = Request;
			sourceTree = "<group>";
		};
		81646A3E284D80A100177E84 /* Configurator */ = {
			isa = PBXGroup;
			children = (
				81646A3F284D80CE00177E84 /* LoginConfigurator.swift */,
			);
			path = Configurator;
			sourceTree = "<group>";
		};
		81EB4991284C13EB0055DC0A /* Connection */ = {
			isa = PBXGroup;
			children = (
				81EB4992284C141F0055DC0A /* ConnectionManagerProtocol.swift */,
				8136A594284EFDEE00DCE191 /* ConnectionManager.swift */,
			);
			path = Connection;
			sourceTree = "<group>";
		};
		81F8D2E92846FCBD00420F22 = {
			isa = PBXGroup;
			children = (
				81F8D2F42846FCBD00420F22 /* PruebaCine */,
				81F8D30E2846FCC100420F22 /* PruebaCineTests */,
				81F8D3182846FCC100420F22 /* PruebaCineUITests */,
				81F8D2F32846FCBD00420F22 /* Products */,
				981BEDD72D45C11632E22729 /* Pods */,
				62BD114602C305BC2D6A5348 /* Frameworks */,
			);
			sourceTree = "<group>";
		};
		81F8D2F32846FCBD00420F22 /* Products */ = {
			isa = PBXGroup;
			children = (
				81F8D2F22846FCBD00420F22 /* PruebaCine.app */,
				81F8D30B2846FCC100420F22 /* PruebaCineTests.xctest */,
				81F8D3152846FCC100420F22 /* PruebaCineUITests.xctest */,
			);
			name = Products;
			sourceTree = "<group>";
		};
		81F8D2F42846FCBD00420F22 /* PruebaCine */ = {
			isa = PBXGroup;
			children = (
				81F8D32D2846FE7C00420F22 /* General */,
				81F8D32A2846FDCC00420F22 /* Data */,
				81F8D3292846FDB500420F22 /* Modules */,
				8136A599284F253E00DCE191 /* ViewModel */,
				81F8D3282846FDA400420F22 /* Model */,
				81F8D2F52846FCBD00420F22 /* AppDelegate.swift */,
				81F8D2F72846FCBD00420F22 /* SceneDelegate.swift */,
				81F8D2F92846FCBD00420F22 /* ViewController.swift */,
				81F8D3012846FCC000420F22 /* Assets.xcassets */,
				81F8D3032846FCC000420F22 /* LaunchScreen.storyboard */,
				81F8D3062846FCC000420F22 /* Info.plist */,
				81F8D2FE2846FCBD00420F22 /* PruebaCine.xcdatamodeld */,
			);
			path = PruebaCine;
			sourceTree = "<group>";
		};
		81F8D30E2846FCC100420F22 /* PruebaCineTests */ = {
			isa = PBXGroup;
			children = (
				81F8D30F2846FCC100420F22 /* PruebaCineTests.swift */,
			);
			path = PruebaCineTests;
			sourceTree = "<group>";
		};
		81F8D3182846FCC100420F22 /* PruebaCineUITests */ = {
			isa = PBXGroup;
			children = (
				81F8D3192846FCC100420F22 /* PruebaCineUITests.swift */,
				81F8D31B2846FCC100420F22 /* PruebaCineUITestsLaunchTests.swift */,
			);
			path = PruebaCineUITests;
			sourceTree = "<group>";
		};
		81F8D3282846FDA400420F22 /* Model */ = {
			isa = PBXGroup;
			children = (
				8136A591284EFCFB00DCE191 /* Response */,
				81646A3B284D6B9F00177E84 /* Request */,
				81646A39284D686A00177E84 /* UserData.swift */,
				8136A58F284EFA2400DCE191 /* MovieModel.swift */,
			);
			path = Model;
			sourceTree = "<group>";
		};
		81F8D3292846FDB500420F22 /* Modules */ = {
			isa = PBXGroup;
			children = (
				81F8D32C2846FE0400420F22 /* Movies */,
				81F8D32B2846FDF500420F22 /* Login */,
			);
			path = Modules;
			sourceTree = "<group>";
		};
		81F8D32A2846FDCC00420F22 /* Data */ = {
			isa = PBXGroup;
			children = (
				81EB4991284C13EB0055DC0A /* Connection */,
				8138839F2852BE1C00DFB762 /* DataManager.swift */,
			);
			path = Data;
			sourceTree = "<group>";
		};
		81F8D32B2846FDF500420F22 /* Login */ = {
			isa = PBXGroup;
			children = (
				81646A3E284D80A100177E84 /* Configurator */,
				81F8D3382846FFB100420F22 /* Protocol */,
				81F8D3372846FFA300420F22 /* Router */,
				81F8D3342846FEE700420F22 /* Presenter */,
				81F8D3332846FEDF00420F22 /* Interactor */,
				81F8D3322846FED700420F22 /* View */,
				81F8D2FB2846FCBD00420F22 /* Login.storyboard */,
			);
			path = Login;
			sourceTree = "<group>";
		};
		81F8D32C2846FE0400420F22 /* Movies */ = {
			isa = PBXGroup;
			children = (
				8136A584284ED9F500DCE191 /* Configurator */,
				81F8D3362846FF9900420F22 /* Protocol */,
				81F8D3312846FECA00420F22 /* Router */,
				81F8D3302846FEAA00420F22 /* Presenter */,
				81F8D32F2846FE9400420F22 /* Interactor */,
				81F8D32E2846FE8F00420F22 /* View */,
				81646A43284D882000177E84 /* Movies.storyboard */,
			);
			path = Movies;
			sourceTree = "<group>";
		};
		81F8D32D2846FE7C00420F22 /* General */ = {
			isa = PBXGroup;
			children = (
				81646A37284D65CD00177E84 /* Constants.swift */,
			);
			path = General;
			sourceTree = "<group>";
		};
		81F8D32E2846FE8F00420F22 /* View */ = {
			isa = PBXGroup;
			children = (
				8136A596284F0CFA00DCE191 /* Cell */,
				81646A41284D87E400177E84 /* MoviesViewController.swift */,
				81646A45284DC48500177E84 /* DetailMovieViewController.swift */,
			);
			path = View;
			sourceTree = "<group>";
		};
		81F8D32F2846FE9400420F22 /* Interactor */ = {
			isa = PBXGroup;
			children = (
				8136A58D284EF7E200DCE191 /* MoviesInteractor.swift */,
			);
			path = Interactor;
			sourceTree = "<group>";
		};
		81F8D3302846FEAA00420F22 /* Presenter */ = {
			isa = PBXGroup;
			children = (
				8136A589284EDAE200DCE191 /* MoviesPresenter.swift */,
			);
			path = Presenter;
			sourceTree = "<group>";
		};
		81F8D3312846FECA00420F22 /* Router */ = {
			isa = PBXGroup;
			children = (
				8136A58B284EF61F00DCE191 /* MoviesRouter.swift */,
			);
			path = Router;
			sourceTree = "<group>";
		};
		81F8D3322846FED700420F22 /* View */ = {
			isa = PBXGroup;
			children = (
				81F8D33928470FB900420F22 /* LoginViewController.swift */,
			);
			path = View;
			sourceTree = "<group>";
		};
		81F8D3332846FEDF00420F22 /* Interactor */ = {
			isa = PBXGroup;
			children = (
				81F8D34128470FFF00420F22 /* LoginInteractor.swift */,
			);
			path = Interactor;
			sourceTree = "<group>";
		};
		81F8D3342846FEE700420F22 /* Presenter */ = {
			isa = PBXGroup;
			children = (
				81F8D33B28470FD400420F22 /* LoginPresenter.swift */,
			);
			path = Presenter;
			sourceTree = "<group>";
		};
		81F8D3362846FF9900420F22 /* Protocol */ = {
			isa = PBXGroup;
			children = (
				8136A587284EDA4E00DCE191 /* MoviesProtocol.swift */,
			);
			path = Protocol;
			sourceTree = "<group>";
		};
		81F8D3372846FFA300420F22 /* Router */ = {
			isa = PBXGroup;
			children = (
				81F8D33F28470FF200420F22 /* LoginRouter.swift */,
			);
			path = Router;
			sourceTree = "<group>";
		};
		81F8D3382846FFB100420F22 /* Protocol */ = {
			isa = PBXGroup;
			children = (
				81F8D33D28470FE300420F22 /* LoginProtocol.swift */,
			);
			path = Protocol;
			sourceTree = "<group>";
		};
		981BEDD72D45C11632E22729 /* Pods */ = {
			isa = PBXGroup;
			children = (
				616B87112853B3E7270FA03A /* Pods-PruebaCine.debug.xcconfig */,
				F44340C20B7C48EE28ACF20B /* Pods-PruebaCine.release.xcconfig */,
			);
			path = Pods;
			sourceTree = "<group>";
		};
/* End PBXGroup section */

/* Begin PBXNativeTarget section */
		81F8D2F12846FCBD00420F22 /* PruebaCine */ = {
			isa = PBXNativeTarget;
			buildConfigurationList = 81F8D31F2846FCC100420F22 /* Build configuration list for PBXNativeTarget "PruebaCine" */;
			buildPhases = (
				171E0F00A750FF9932E96EC5 /* [CP] Check Pods Manifest.lock */,
				81F8D2EE2846FCBD00420F22 /* Sources */,
				81F8D2EF2846FCBD00420F22 /* Frameworks */,
				81F8D2F02846FCBD00420F22 /* Resources */,
				2ACC5F6ACA93CF6541DB922E /* [CP] Embed Pods Frameworks */,
			);
			buildRules = (
			);
			dependencies = (
			);
			name = PruebaCine;
			productName = PruebaCine;
			productReference = 81F8D2F22846FCBD00420F22 /* PruebaCine.app */;
			productType = "com.apple.product-type.application";
		};
		81F8D30A2846FCC100420F22 /* PruebaCineTests */ = {
			isa = PBXNativeTarget;
			buildConfigurationList = 81F8D3222846FCC100420F22 /* Build configuration list for PBXNativeTarget "PruebaCineTests" */;
			buildPhases = (
				81F8D3072846FCC100420F22 /* Sources */,
				81F8D3082846FCC100420F22 /* Frameworks */,
				81F8D3092846FCC100420F22 /* Resources */,
			);
			buildRules = (
			);
			dependencies = (
				81F8D30D2846FCC100420F22 /* PBXTargetDependency */,
			);
			name = PruebaCineTests;
			productName = PruebaCineTests;
			productReference = 81F8D30B2846FCC100420F22 /* PruebaCineTests.xctest */;
			productType = "com.apple.product-type.bundle.unit-test";
		};
		81F8D3142846FCC100420F22 /* PruebaCineUITests */ = {
			isa = PBXNativeTarget;
			buildConfigurationList = 81F8D3252846FCC100420F22 /* Build configuration list for PBXNativeTarget "PruebaCineUITests" */;
			buildPhases = (
				81F8D3112846FCC100420F22 /* Sources */,
				81F8D3122846FCC100420F22 /* Frameworks */,
				81F8D3132846FCC100420F22 /* Resources */,
			);
			buildRules = (
			);
			dependencies = (
				81F8D3172846FCC100420F22 /* PBXTargetDependency */,
			);
			name = PruebaCineUITests;
			productName = PruebaCineUITests;
			productReference = 81F8D3152846FCC100420F22 /* PruebaCineUITests.xctest */;
			productType = "com.apple.product-type.bundle.ui-testing";
		};
/* End PBXNativeTarget section */

/* Begin PBXProject section */
		81F8D2EA2846FCBD00420F22 /* Project object */ = {
			isa = PBXProject;
			attributes = {
				BuildIndependentTargetsInParallel = 1;
				LastSwiftUpdateCheck = 1310;
				LastUpgradeCheck = 1310;
				TargetAttributes = {
					81F8D2F12846FCBD00420F22 = {
						CreatedOnToolsVersion = 13.1;
					};
					81F8D30A2846FCC100420F22 = {
						CreatedOnToolsVersion = 13.1;
						TestTargetID = 81F8D2F12846FCBD00420F22;
					};
					81F8D3142846FCC100420F22 = {
						CreatedOnToolsVersion = 13.1;
						TestTargetID = 81F8D2F12846FCBD00420F22;
					};
				};
			};
			buildConfigurationList = 81F8D2ED2846FCBD00420F22 /* Build configuration list for PBXProject "PruebaCine" */;
			compatibilityVersion = "Xcode 13.0";
			developmentRegion = en;
			hasScannedForEncodings = 0;
			knownRegions = (
				en,
				Base,
			);
			mainGroup = 81F8D2E92846FCBD00420F22;
			productRefGroup = 81F8D2F32846FCBD00420F22 /* Products */;
			projectDirPath = "";
			projectRoot = "";
			targets = (
				81F8D2F12846FCBD00420F22 /* PruebaCine */,
				81F8D30A2846FCC100420F22 /* PruebaCineTests */,
				81F8D3142846FCC100420F22 /* PruebaCineUITests */,
			);
		};
/* End PBXProject section */

/* Begin PBXResourcesBuildPhase section */
		81F8D2F02846FCBD00420F22 /* Resources */ = {
			isa = PBXResourcesBuildPhase;
			buildActionMask = 2147483647;
			files = (
				81F8D3052846FCC000420F22 /* LaunchScreen.storyboard in Resources */,
				81F8D3022846FCC000420F22 /* Assets.xcassets in Resources */,
				81F8D2FD2846FCBD00420F22 /* Login.storyboard in Resources */,
				81646A44284D882000177E84 /* Movies.storyboard in Resources */,
			);
			runOnlyForDeploymentPostprocessing = 0;
		};
		81F8D3092846FCC100420F22 /* Resources */ = {
			isa = PBXResourcesBuildPhase;
			buildActionMask = 2147483647;
			files = (
			);
			runOnlyForDeploymentPostprocessing = 0;
		};
		81F8D3132846FCC100420F22 /* Resources */ = {
			isa = PBXResourcesBuildPhase;
			buildActionMask = 2147483647;
			files = (
			);
			runOnlyForDeploymentPostprocessing = 0;
		};
/* End PBXResourcesBuildPhase section */

/* Begin PBXShellScriptBuildPhase section */
		171E0F00A750FF9932E96EC5 /* [CP] Check Pods Manifest.lock */ = {
			isa = PBXShellScriptBuildPhase;
			buildActionMask = 2147483647;
			files = (
			);
			inputFileListPaths = (
			);
			inputPaths = (
				"${PODS_PODFILE_DIR_PATH}/Podfile.lock",
				"${PODS_ROOT}/Manifest.lock",
			);
			name = "[CP] Check Pods Manifest.lock";
			outputFileListPaths = (
			);
			outputPaths = (
				"$(DERIVED_FILE_DIR)/Pods-PruebaCine-checkManifestLockResult.txt",
			);
			runOnlyForDeploymentPostprocessing = 0;
			shellPath = /bin/sh;
			shellScript = "diff \"${PODS_PODFILE_DIR_PATH}/Podfile.lock\" \"${PODS_ROOT}/Manifest.lock\" > /dev/null\nif [ $? != 0 ] ; then\n    # print error to STDERR\n    echo \"error: The sandbox is not in sync with the Podfile.lock. Run 'pod install' or update your CocoaPods installation.\" >&2\n    exit 1\nfi\n# This output is used by Xcode 'outputs' to avoid re-running this script phase.\necho \"SUCCESS\" > \"${SCRIPT_OUTPUT_FILE_0}\"\n";
			showEnvVarsInLog = 0;
		};
		2ACC5F6ACA93CF6541DB922E /* [CP] Embed Pods Frameworks */ = {
			isa = PBXShellScriptBuildPhase;
			buildActionMask = 2147483647;
			files = (
			);
			inputFileListPaths = (
				"${PODS_ROOT}/Target Support Files/Pods-PruebaCine/Pods-PruebaCine-frameworks-${CONFIGURATION}-input-files.xcfilelist",
			);
			name = "[CP] Embed Pods Frameworks";
			outputFileListPaths = (
				"${PODS_ROOT}/Target Support Files/Pods-PruebaCine/Pods-PruebaCine-frameworks-${CONFIGURATION}-output-files.xcfilelist",
			);
			runOnlyForDeploymentPostprocessing = 0;
			shellPath = /bin/sh;
			shellScript = "\"${PODS_ROOT}/Target Support Files/Pods-PruebaCine/Pods-PruebaCine-frameworks.sh\"\n";
			showEnvVarsInLog = 0;
		};
/* End PBXShellScriptBuildPhase section */

/* Begin PBXSourcesBuildPhase section */
		81F8D2EE2846FCBD00420F22 /* Sources */ = {
			isa = PBXSourcesBuildPhase;
			buildActionMask = 2147483647;
			files = (
				8136A590284EFA2400DCE191 /* MovieModel.swift in Sources */,
				81646A40284D80CE00177E84 /* LoginConfigurator.swift in Sources */,
				8136A58C284EF61F00DCE191 /* MoviesRouter.swift in Sources */,
				81F8D33C28470FD400420F22 /* LoginPresenter.swift in Sources */,
				81646A38284D65CD00177E84 /* Constants.swift in Sources */,
				81F8D2FA2846FCBD00420F22 /* ViewController.swift in Sources */,
				81F8D3002846FCBD00420F22 /* PruebaCine.xcdatamodeld in Sources */,
				81F8D33E28470FE300420F22 /* LoginProtocol.swift in Sources */,
				81F8D2F62846FCBD00420F22 /* AppDelegate.swift in Sources */,
				81646A3A284D686A00177E84 /* UserData.swift in Sources */,
				81F8D33A28470FB900420F22 /* LoginViewController.swift in Sources */,
				8136A58E284EF7E200DCE191 /* MoviesInteractor.swift in Sources */,
				81F8D34028470FF200420F22 /* LoginRouter.swift in Sources */,
				8136A595284EFDEE00DCE191 /* ConnectionManager.swift in Sources */,
				81EB4993284C141F0055DC0A /* ConnectionManagerProtocol.swift in Sources */,
				81646A42284D87E400177E84 /* MoviesViewController.swift in Sources */,
				8136A588284EDA4E00DCE191 /* MoviesProtocol.swift in Sources */,
				81646A46284DC48500177E84 /* DetailMovieViewController.swift in Sources */,
				8136A593284EFD1200DCE191 /* MoviesResponse.swift in Sources */,
				81646A3D284D6BCF00177E84 /* UserRequest.swift in Sources */,
				8136A586284EDA2D00DCE191 /* MoviesConfigurator.swift in Sources */,
				81F8D2F82846FCBD00420F22 /* SceneDelegate.swift in Sources */,
				8136A598284F0D0F00DCE191 /* MoviesTableViewCell.swift in Sources */,
				8136A59B284F257700DCE191 /* MovieViewModel.swift in Sources */,
				8136A58A284EDAE200DCE191 /* MoviesPresenter.swift in Sources */,
				813883A02852BE1C00DFB762 /* DataManager.swift in Sources */,
				81F8D34228470FFF00420F22 /* LoginInteractor.swift in Sources */,
			);
			runOnlyForDeploymentPostprocessing = 0;
		};
		81F8D3072846FCC100420F22 /* Sources */ = {
			isa = PBXSourcesBuildPhase;
			buildActionMask = 2147483647;
			files = (
				81F8D3102846FCC100420F22 /* PruebaCineTests.swift in Sources */,
			);
			runOnlyForDeploymentPostprocessing = 0;
		};
		81F8D3112846FCC100420F22 /* Sources */ = {
			isa = PBXSourcesBuildPhase;
			buildActionMask = 2147483647;
			files = (
				81F8D31C2846FCC100420F22 /* PruebaCineUITestsLaunchTests.swift in Sources */,
				81F8D31A2846FCC100420F22 /* PruebaCineUITests.swift in Sources */,
			);
			runOnlyForDeploymentPostprocessing = 0;
		};
/* End PBXSourcesBuildPhase section */

/* Begin PBXTargetDependency section */
		81F8D30D2846FCC100420F22 /* PBXTargetDependency */ = {
			isa = PBXTargetDependency;
			target = 81F8D2F12846FCBD00420F22 /* PruebaCine */;
			targetProxy = 81F8D30C2846FCC100420F22 /* PBXContainerItemProxy */;
		};
		81F8D3172846FCC100420F22 /* PBXTargetDependency */ = {
			isa = PBXTargetDependency;
			target = 81F8D2F12846FCBD00420F22 /* PruebaCine */;
			targetProxy = 81F8D3162846FCC100420F22 /* PBXContainerItemProxy */;
		};
/* End PBXTargetDependency section */

/* Begin PBXVariantGroup section */
		81F8D2FB2846FCBD00420F22 /* Login.storyboard */ = {
			isa = PBXVariantGroup;
			children = (
				81F8D2FC2846FCBD00420F22 /* Base */,
			);
			name = Login.storyboard;
			sourceTree = "<group>";
		};
		81F8D3032846FCC000420F22 /* LaunchScreen.storyboard */ = {
			isa = PBXVariantGroup;
			children = (
				81F8D3042846FCC000420F22 /* Base */,
			);
			name = LaunchScreen.storyboard;
			sourceTree = "<group>";
		};
/* End PBXVariantGroup section */

/* Begin XCBuildConfiguration section */
		81F8D31D2846FCC100420F22 /* Debug */ = {
			isa = XCBuildConfiguration;
			buildSettings = {
				ALWAYS_SEARCH_USER_PATHS = NO;
				CLANG_ANALYZER_NONNULL = YES;
				CLANG_ANALYZER_NUMBER_OBJECT_CONVERSION = YES_AGGRESSIVE;
				CLANG_CXX_LANGUAGE_STANDARD = "gnu++17";
				CLANG_CXX_LIBRARY = "libc++";
				CLANG_ENABLE_MODULES = YES;
				CLANG_ENABLE_OBJC_ARC = YES;
				CLANG_ENABLE_OBJC_WEAK = YES;
				CLANG_WARN_BLOCK_CAPTURE_AUTORELEASING = YES;
				CLANG_WARN_BOOL_CONVERSION = YES;
				CLANG_WARN_COMMA = YES;
				CLANG_WARN_CONSTANT_CONVERSION = YES;
				CLANG_WARN_DEPRECATED_OBJC_IMPLEMENTATIONS = YES;
				CLANG_WARN_DIRECT_OBJC_ISA_USAGE = YES_ERROR;
				CLANG_WARN_DOCUMENTATION_COMMENTS = YES;
				CLANG_WARN_EMPTY_BODY = YES;
				CLANG_WARN_ENUM_CONVERSION = YES;
				CLANG_WARN_INFINITE_RECURSION = YES;
				CLANG_WARN_INT_CONVERSION = YES;
				CLANG_WARN_NON_LITERAL_NULL_CONVERSION = YES;
				CLANG_WARN_OBJC_IMPLICIT_RETAIN_SELF = YES;
				CLANG_WARN_OBJC_LITERAL_CONVERSION = YES;
				CLANG_WARN_OBJC_ROOT_CLASS = YES_ERROR;
				CLANG_WARN_QUOTED_INCLUDE_IN_FRAMEWORK_HEADER = YES;
				CLANG_WARN_RANGE_LOOP_ANALYSIS = YES;
				CLANG_WARN_STRICT_PROTOTYPES = YES;
				CLANG_WARN_SUSPICIOUS_MOVE = YES;
				CLANG_WARN_UNGUARDED_AVAILABILITY = YES_AGGRESSIVE;
				CLANG_WARN_UNREACHABLE_CODE = YES;
				CLANG_WARN__DUPLICATE_METHOD_MATCH = YES;
				COPY_PHASE_STRIP = NO;
				DEBUG_INFORMATION_FORMAT = dwarf;
				ENABLE_STRICT_OBJC_MSGSEND = YES;
				ENABLE_TESTABILITY = YES;
				GCC_C_LANGUAGE_STANDARD = gnu11;
				GCC_DYNAMIC_NO_PIC = NO;
				GCC_NO_COMMON_BLOCKS = YES;
				GCC_OPTIMIZATION_LEVEL = 0;
				GCC_PREPROCESSOR_DEFINITIONS = (
					"DEBUG=1",
					"$(inherited)",
				);
				GCC_WARN_64_TO_32_BIT_CONVERSION = YES;
				GCC_WARN_ABOUT_RETURN_TYPE = YES_ERROR;
				GCC_WARN_UNDECLARED_SELECTOR = YES;
				GCC_WARN_UNINITIALIZED_AUTOS = YES_AGGRESSIVE;
				GCC_WARN_UNUSED_FUNCTION = YES;
				GCC_WARN_UNUSED_VARIABLE = YES;
				IPHONEOS_DEPLOYMENT_TARGET = 15.0;
				MTL_ENABLE_DEBUG_INFO = INCLUDE_SOURCE;
				MTL_FAST_MATH = YES;
				ONLY_ACTIVE_ARCH = YES;
				SDKROOT = iphoneos;
				SWIFT_ACTIVE_COMPILATION_CONDITIONS = DEBUG;
				SWIFT_OPTIMIZATION_LEVEL = "-Onone";
			};
			name = Debug;
		};
		81F8D31E2846FCC100420F22 /* Release */ = {
			isa = XCBuildConfiguration;
			buildSettings = {
				ALWAYS_SEARCH_USER_PATHS = NO;
				CLANG_ANALYZER_NONNULL = YES;
				CLANG_ANALYZER_NUMBER_OBJECT_CONVERSION = YES_AGGRESSIVE;
				CLANG_CXX_LANGUAGE_STANDARD = "gnu++17";
				CLANG_CXX_LIBRARY = "libc++";
				CLANG_ENABLE_MODULES = YES;
				CLANG_ENABLE_OBJC_ARC = YES;
				CLANG_ENABLE_OBJC_WEAK = YES;
				CLANG_WARN_BLOCK_CAPTURE_AUTORELEASING = YES;
				CLANG_WARN_BOOL_CONVERSION = YES;
				CLANG_WARN_COMMA = YES;
				CLANG_WARN_CONSTANT_CONVERSION = YES;
				CLANG_WARN_DEPRECATED_OBJC_IMPLEMENTATIONS = YES;
				CLANG_WARN_DIRECT_OBJC_ISA_USAGE = YES_ERROR;
				CLANG_WARN_DOCUMENTATION_COMMENTS = YES;
				CLANG_WARN_EMPTY_BODY = YES;
				CLANG_WARN_ENUM_CONVERSION = YES;
				CLANG_WARN_INFINITE_RECURSION = YES;
				CLANG_WARN_INT_CONVERSION = YES;
				CLANG_WARN_NON_LITERAL_NULL_CONVERSION = YES;
				CLANG_WARN_OBJC_IMPLICIT_RETAIN_SELF = YES;
				CLANG_WARN_OBJC_LITERAL_CONVERSION = YES;
				CLANG_WARN_OBJC_ROOT_CLASS = YES_ERROR;
				CLANG_WARN_QUOTED_INCLUDE_IN_FRAMEWORK_HEADER = YES;
				CLANG_WARN_RANGE_LOOP_ANALYSIS = YES;
				CLANG_WARN_STRICT_PROTOTYPES = YES;
				CLANG_WARN_SUSPICIOUS_MOVE = YES;
				CLANG_WARN_UNGUARDED_AVAILABILITY = YES_AGGRESSIVE;
				CLANG_WARN_UNREACHABLE_CODE = YES;
				CLANG_WARN__DUPLICATE_METHOD_MATCH = YES;
				COPY_PHASE_STRIP = NO;
				DEBUG_INFORMATION_FORMAT = "dwarf-with-dsym";
				ENABLE_NS_ASSERTIONS = NO;
				ENABLE_STRICT_OBJC_MSGSEND = YES;
				GCC_C_LANGUAGE_STANDARD = gnu11;
				GCC_NO_COMMON_BLOCKS = YES;
				GCC_WARN_64_TO_32_BIT_CONVERSION = YES;
				GCC_WARN_ABOUT_RETURN_TYPE = YES_ERROR;
				GCC_WARN_UNDECLARED_SELECTOR = YES;
				GCC_WARN_UNINITIALIZED_AUTOS = YES_AGGRESSIVE;
				GCC_WARN_UNUSED_FUNCTION = YES;
				GCC_WARN_UNUSED_VARIABLE = YES;
				IPHONEOS_DEPLOYMENT_TARGET = 15.0;
				MTL_ENABLE_DEBUG_INFO = NO;
				MTL_FAST_MATH = YES;
				SDKROOT = iphoneos;
				SWIFT_COMPILATION_MODE = wholemodule;
				SWIFT_OPTIMIZATION_LEVEL = "-O";
				VALIDATE_PRODUCT = YES;
			};
			name = Release;
		};
		81F8D3202846FCC100420F22 /* Debug */ = {
			isa = XCBuildConfiguration;
			baseConfigurationReference = 616B87112853B3E7270FA03A /* Pods-PruebaCine.debug.xcconfig */;
			buildSettings = {
				ASSETCATALOG_COMPILER_APPICON_NAME = AppIcon;
				ASSETCATALOG_COMPILER_GLOBAL_ACCENT_COLOR_NAME = AccentColor;
				CODE_SIGN_STYLE = Automatic;
				CURRENT_PROJECT_VERSION = 1;
				DEVELOPMENT_TEAM = EF4CYZ897F;
				GENERATE_INFOPLIST_FILE = YES;
				INFOPLIST_FILE = PruebaCine/Info.plist;
				INFOPLIST_KEY_UIApplicationSupportsIndirectInputEvents = YES;
				INFOPLIST_KEY_UILaunchStoryboardName = LaunchScreen;
				INFOPLIST_KEY_UIMainStoryboardFile = Login;
				INFOPLIST_KEY_UISupportedInterfaceOrientations = UIInterfaceOrientationPortrait;
				INFOPLIST_KEY_UISupportedInterfaceOrientations_iPad = "UIInterfaceOrientationPortrait UIInterfaceOrientationPortraitUpsideDown UIInterfaceOrientationLandscapeLeft UIInterfaceOrientationLandscapeRight";
				INFOPLIST_KEY_UISupportedInterfaceOrientations_iPhone = "UIInterfaceOrientationPortrait UIInterfaceOrientationLandscapeLeft UIInterfaceOrientationLandscapeRight";
				INFOPLIST_KEY_UIUserInterfaceStyle = Light;
				IPHONEOS_DEPLOYMENT_TARGET = 11.0;
				LD_RUNPATH_SEARCH_PATHS = (
					"$(inherited)",
					"@executable_path/Frameworks",
				);
				MARKETING_VERSION = 1.0;
				PRODUCT_BUNDLE_IDENTIFIER = com.marco.example.PruebaCine;
				PRODUCT_NAME = "$(TARGET_NAME)";
				SWIFT_EMIT_LOC_STRINGS = YES;
				SWIFT_VERSION = 5.0;
				TARGETED_DEVICE_FAMILY = 1;
			};
			name = Debug;
		};
		81F8D3212846FCC100420F22 /* Release */ = {
			isa = XCBuildConfiguration;
			baseConfigurationReference = F44340C20B7C48EE28ACF20B /* Pods-PruebaCine.release.xcconfig */;
			buildSettings = {
				ASSETCATALOG_COMPILER_APPICON_NAME = AppIcon;
				ASSETCATALOG_COMPILER_GLOBAL_ACCENT_COLOR_NAME = AccentColor;
				CODE_SIGN_STYLE = Automatic;
				CURRENT_PROJECT_VERSION = 1;
				DEVELOPMENT_TEAM = EF4CYZ897F;
				GENERATE_INFOPLIST_FILE = YES;
				INFOPLIST_FILE = PruebaCine/Info.plist;
				INFOPLIST_KEY_UIApplicationSupportsIndirectInputEvents = YES;
				INFOPLIST_KEY_UILaunchStoryboardName = LaunchScreen;
				INFOPLIST_KEY_UIMainStoryboardFile = Login;
				INFOPLIST_KEY_UISupportedInterfaceOrientations = UIInterfaceOrientationPortrait;
				INFOPLIST_KEY_UISupportedInterfaceOrientations_iPad = "UIInterfaceOrientationPortrait UIInterfaceOrientationPortraitUpsideDown UIInterfaceOrientationLandscapeLeft UIInterfaceOrientationLandscapeRight";
				INFOPLIST_KEY_UISupportedInterfaceOrientations_iPhone = "UIInterfaceOrientationPortrait UIInterfaceOrientationLandscapeLeft UIInterfaceOrientationLandscapeRight";
				INFOPLIST_KEY_UIUserInterfaceStyle = Light;
				IPHONEOS_DEPLOYMENT_TARGET = 11.0;
				LD_RUNPATH_SEARCH_PATHS = (
					"$(inherited)",
					"@executable_path/Frameworks",
				);
				MARKETING_VERSION = 1.0;
				PRODUCT_BUNDLE_IDENTIFIER = com.marco.example.PruebaCine;
				PRODUCT_NAME = "$(TARGET_NAME)";
				SWIFT_EMIT_LOC_STRINGS = YES;
				SWIFT_VERSION = 5.0;
				TARGETED_DEVICE_FAMILY = 1;
			};
			name = Release;
		};
		81F8D3232846FCC100420F22 /* Debug */ = {
			isa = XCBuildConfiguration;
			buildSettings = {
				ALWAYS_EMBED_SWIFT_STANDARD_LIBRARIES = YES;
				BUNDLE_LOADER = "$(TEST_HOST)";
				CODE_SIGN_STYLE = Automatic;
				CURRENT_PROJECT_VERSION = 1;
				DEVELOPMENT_TEAM = EF4CYZ897F;
				GENERATE_INFOPLIST_FILE = YES;
				IPHONEOS_DEPLOYMENT_TARGET = 15.0;
				LD_RUNPATH_SEARCH_PATHS = (
					"$(inherited)",
					"@executable_path/Frameworks",
					"@loader_path/Frameworks",
				);
				MARKETING_VERSION = 1.0;
				PRODUCT_BUNDLE_IDENTIFIER = com.marcco.example.PruebaCineTests;
				PRODUCT_NAME = "$(TARGET_NAME)";
				SWIFT_EMIT_LOC_STRINGS = NO;
				SWIFT_VERSION = 5.0;
				TARGETED_DEVICE_FAMILY = "1,2";
				TEST_HOST = "$(BUILT_PRODUCTS_DIR)/PruebaCine.app/PruebaCine";
			};
			name = Debug;
		};
		81F8D3242846FCC100420F22 /* Release */ = {
			isa = XCBuildConfiguration;
			buildSettings = {
				ALWAYS_EMBED_SWIFT_STANDARD_LIBRARIES = YES;
				BUNDLE_LOADER = "$(TEST_HOST)";
				CODE_SIGN_STYLE = Automatic;
				CURRENT_PROJECT_VERSION = 1;
				DEVELOPMENT_TEAM = EF4CYZ897F;
				GENERATE_INFOPLIST_FILE = YES;
				IPHONEOS_DEPLOYMENT_TARGET = 15.0;
				LD_RUNPATH_SEARCH_PATHS = (
					"$(inherited)",
					"@executable_path/Frameworks",
					"@loader_path/Frameworks",
				);
				MARKETING_VERSION = 1.0;
				PRODUCT_BUNDLE_IDENTIFIER = com.marcco.example.PruebaCineTests;
				PRODUCT_NAME = "$(TARGET_NAME)";
				SWIFT_EMIT_LOC_STRINGS = NO;
				SWIFT_VERSION = 5.0;
				TARGETED_DEVICE_FAMILY = "1,2";
				TEST_HOST = "$(BUILT_PRODUCTS_DIR)/PruebaCine.app/PruebaCine";
			};
			name = Release;
		};
		81F8D3262846FCC100420F22 /* Debug */ = {
			isa = XCBuildConfiguration;
			buildSettings = {
				ALWAYS_EMBED_SWIFT_STANDARD_LIBRARIES = YES;
				CODE_SIGN_STYLE = Automatic;
				CURRENT_PROJECT_VERSION = 1;
				DEVELOPMENT_TEAM = EF4CYZ897F;
				GENERATE_INFOPLIST_FILE = YES;
				LD_RUNPATH_SEARCH_PATHS = (
					"$(inherited)",
					"@executable_path/Frameworks",
					"@loader_path/Frameworks",
				);
				MARKETING_VERSION = 1.0;
				PRODUCT_BUNDLE_IDENTIFIER = com.marcco.example.PruebaCineUITests;
				PRODUCT_NAME = "$(TARGET_NAME)";
				SWIFT_EMIT_LOC_STRINGS = NO;
				SWIFT_VERSION = 5.0;
				TARGETED_DEVICE_FAMILY = "1,2";
				TEST_TARGET_NAME = PruebaCine;
			};
			name = Debug;
		};
		81F8D3272846FCC100420F22 /* Release */ = {
			isa = XCBuildConfiguration;
			buildSettings = {
				ALWAYS_EMBED_SWIFT_STANDARD_LIBRARIES = YES;
				CODE_SIGN_STYLE = Automatic;
				CURRENT_PROJECT_VERSION = 1;
				DEVELOPMENT_TEAM = EF4CYZ897F;
				GENERATE_INFOPLIST_FILE = YES;
				LD_RUNPATH_SEARCH_PATHS = (
					"$(inherited)",
					"@executable_path/Frameworks",
					"@loader_path/Frameworks",
				);
				MARKETING_VERSION = 1.0;
				PRODUCT_BUNDLE_IDENTIFIER = com.marcco.example.PruebaCineUITests;
				PRODUCT_NAME = "$(TARGET_NAME)";
				SWIFT_EMIT_LOC_STRINGS = NO;
				SWIFT_VERSION = 5.0;
				TARGETED_DEVICE_FAMILY = "1,2";
				TEST_TARGET_NAME = PruebaCine;
			};
			name = Release;
		};
/* End XCBuildConfiguration section */

/* Begin XCConfigurationList section */
		81F8D2ED2846FCBD00420F22 /* Build configuration list for PBXProject "PruebaCine" */ = {
			isa = XCConfigurationList;
			buildConfigurations = (
				81F8D31D2846FCC100420F22 /* Debug */,
				81F8D31E2846FCC100420F22 /* Release */,
			);
			defaultConfigurationIsVisible = 0;
			defaultConfigurationName = Release;
		};
		81F8D31F2846FCC100420F22 /* Build configuration list for PBXNativeTarget "PruebaCine" */ = {
			isa = XCConfigurationList;
			buildConfigurations = (
				81F8D3202846FCC100420F22 /* Debug */,
				81F8D3212846FCC100420F22 /* Release */,
			);
			defaultConfigurationIsVisible = 0;
			defaultConfigurationName = Release;
		};
		81F8D3222846FCC100420F22 /* Build configuration list for PBXNativeTarget "PruebaCineTests" */ = {
			isa = XCConfigurationList;
			buildConfigurations = (
				81F8D3232846FCC100420F22 /* Debug */,
				81F8D3242846FCC100420F22 /* Release */,
			);
			defaultConfigurationIsVisible = 0;
			defaultConfigurationName = Release;
		};
		81F8D3252846FCC100420F22 /* Build configuration list for PBXNativeTarget "PruebaCineUITests" */ = {
			isa = XCConfigurationList;
			buildConfigurations = (
				81F8D3262846FCC100420F22 /* Debug */,
				81F8D3272846FCC100420F22 /* Release */,
			);
			defaultConfigurationIsVisible = 0;
			defaultConfigurationName = Release;
		};
/* End XCConfigurationList section */

/* Begin XCVersionGroup section */
		81F8D2FE2846FCBD00420F22 /* PruebaCine.xcdatamodeld */ = {
			isa = XCVersionGroup;
			children = (
				81F8D2FF2846FCBD00420F22 /* PruebaCine.xcdatamodel */,
			);
			currentVersion = 81F8D2FF2846FCBD00420F22 /* PruebaCine.xcdatamodel */;
			path = PruebaCine.xcdatamodeld;
			sourceTree = "<group>";
			versionGroupType = wrapper.xcdatamodel;
		};
/* End XCVersionGroup section */
	};
	rootObject = 81F8D2EA2846FCBD00420F22 /* Project object */;
}
